// !$*UTF8*$!
{
	archiveVersion = 1;
	classes = {
	};
	objectVersion = 51;
	objects = {

/* Begin PBXBuildFile section */
		ADA7C9822635A0190067C116 /* AppDelegate.swift in Sources */ = {isa = PBXBuildFile; fileRef = ADA7C9812635A0190067C116 /* AppDelegate.swift */; };
		ADA7C9842635A0190067C116 /* SceneDelegate.swift in Sources */ = {isa = PBXBuildFile; fileRef = ADA7C9832635A0190067C116 /* SceneDelegate.swift */; };
		ADA7C9892635A0190067C116 /* Main.storyboard in Resources */ = {isa = PBXBuildFile; fileRef = ADA7C9872635A0190067C116 /* Main.storyboard */; };
		ADA7C98C2635A0190067C116 /* Arview.xcdatamodeld in Sources */ = {isa = PBXBuildFile; fileRef = ADA7C98A2635A0190067C116 /* Arview.xcdatamodeld */; };
		ADA7C98E2635A01D0067C116 /* Assets.xcassets in Resources */ = {isa = PBXBuildFile; fileRef = ADA7C98D2635A01D0067C116 /* Assets.xcassets */; };
		ADA7C9912635A01D0067C116 /* LaunchScreen.storyboard in Resources */ = {isa = PBXBuildFile; fileRef = ADA7C98F2635A01D0067C116 /* LaunchScreen.storyboard */; };
		ADA7C99A2635A0F10067C116 /* FeedController.swift in Sources */ = {isa = PBXBuildFile; fileRef = ADA7C9992635A0F10067C116 /* FeedController.swift */; };
		ADA7C99E2635A7580067C116 /* Article.swift in Sources */ = {isa = PBXBuildFile; fileRef = ADA7C99D2635A7580067C116 /* Article.swift */; };
		ADA7C9A52635B0C30067C116 /* NetworkService.swift in Sources */ = {isa = PBXBuildFile; fileRef = ADA7C9A42635B0C30067C116 /* NetworkService.swift */; };
		ADA7C9B12635B1750067C116 /* GamesCell.swift in Sources */ = {isa = PBXBuildFile; fileRef = ADA7C9B02635B1750067C116 /* GamesCell.swift */; };
		ADA7C9B52635B3360067C116 /* UIView+Layout.swift in Sources */ = {isa = PBXBuildFile; fileRef = ADA7C9B42635B3360067C116 /* UIView+Layout.swift */; };
		ADA7C9BD2635C2790067C116 /* FooterLoadingCell.swift in Sources */ = {isa = PBXBuildFile; fileRef = ADA7C9BC2635C2790067C116 /* FooterLoadingCell.swift */; };
		ADA7C9C02635CAA30067C116 /* Reachability.swift in Sources */ = {isa = PBXBuildFile; fileRef = ADA7C9BF2635CAA30067C116 /* Reachability.swift */; };
		ADA7C9CA2635D1720067C116 /* Entity+CoreDataProperties.swift in Sources */ = {isa = PBXBuildFile; fileRef = ADA7C9C92635D1720067C116 /* Entity+CoreDataProperties.swift */; };
		ADA7C9CB2635D1720067C116 /* Entity+CoreDataClass.swift in Sources */ = {isa = PBXBuildFile; fileRef = ADA7C9C82635D1720067C116 /* Entity+CoreDataClass.swift */; };
		EAC6CCA94AF8682AC9DD2743 /* Pods_Arview.framework in Frameworks */ = {isa = PBXBuildFile; fileRef = 849D04A438A1330043B1C3A5 /* Pods_Arview.framework */; };
/* End PBXBuildFile section */

/* Begin PBXFileReference section */
		4C144937BA0F32C9BDAA9559 /* Pods-Arview.debug.xcconfig */ = {isa = PBXFileReference; includeInIndex = 1; lastKnownFileType = text.xcconfig; name = "Pods-Arview.debug.xcconfig"; path = "Target Support Files/Pods-Arview/Pods-Arview.debug.xcconfig"; sourceTree = "<group>"; };
		7A0CE740A2D4C5C4227BFE20 /* Pods-Arview.release.xcconfig */ = {isa = PBXFileReference; includeInIndex = 1; lastKnownFileType = text.xcconfig; name = "Pods-Arview.release.xcconfig"; path = "Target Support Files/Pods-Arview/Pods-Arview.release.xcconfig"; sourceTree = "<group>"; };
		849D04A438A1330043B1C3A5 /* Pods_Arview.framework */ = {isa = PBXFileReference; explicitFileType = wrapper.framework; includeInIndex = 0; path = Pods_Arview.framework; sourceTree = BUILT_PRODUCTS_DIR; };
		ADA7C97E2635A0190067C116 /* Arview.app */ = {isa = PBXFileReference; explicitFileType = wrapper.application; includeInIndex = 0; path = Arview.app; sourceTree = BUILT_PRODUCTS_DIR; };
		ADA7C9812635A0190067C116 /* AppDelegate.swift */ = {isa = PBXFileReference; lastKnownFileType = sourcecode.swift; path = AppDelegate.swift; sourceTree = "<group>"; };
		ADA7C9832635A0190067C116 /* SceneDelegate.swift */ = {isa = PBXFileReference; lastKnownFileType = sourcecode.swift; path = SceneDelegate.swift; sourceTree = "<group>"; };
		ADA7C9882635A0190067C116 /* Base */ = {isa = PBXFileReference; lastKnownFileType = file.storyboard; name = Base; path = Base.lproj/Main.storyboard; sourceTree = "<group>"; };
		ADA7C98B2635A0190067C116 /* Arview.xcdatamodel */ = {isa = PBXFileReference; lastKnownFileType = wrapper.xcdatamodel; path = Arview.xcdatamodel; sourceTree = "<group>"; };
		ADA7C98D2635A01D0067C116 /* Assets.xcassets */ = {isa = PBXFileReference; lastKnownFileType = folder.assetcatalog; path = Assets.xcassets; sourceTree = "<group>"; };
		ADA7C9902635A01D0067C116 /* Base */ = {isa = PBXFileReference; lastKnownFileType = file.storyboard; name = Base; path = Base.lproj/LaunchScreen.storyboard; sourceTree = "<group>"; };
		ADA7C9922635A01D0067C116 /* Info.plist */ = {isa = PBXFileReference; lastKnownFileType = text.plist.xml; path = Info.plist; sourceTree = "<group>"; };
		ADA7C9992635A0F10067C116 /* FeedController.swift */ = {isa = PBXFileReference; lastKnownFileType = sourcecode.swift; path = FeedController.swift; sourceTree = "<group>"; };
		ADA7C99D2635A7580067C116 /* Article.swift */ = {isa = PBXFileReference; lastKnownFileType = sourcecode.swift; path = Article.swift; sourceTree = "<group>"; };
		ADA7C9A42635B0C30067C116 /* NetworkService.swift */ = {isa = PBXFileReference; lastKnownFileType = sourcecode.swift; path = NetworkService.swift; sourceTree = "<group>"; };
		ADA7C9B02635B1750067C116 /* GamesCell.swift */ = {isa = PBXFileReference; lastKnownFileType = sourcecode.swift; path = GamesCell.swift; sourceTree = "<group>"; };
		ADA7C9B42635B3360067C116 /* UIView+Layout.swift */ = {isa = PBXFileReference; lastKnownFileType = sourcecode.swift; path = "UIView+Layout.swift"; sourceTree = "<group>"; };
		ADA7C9BC2635C2790067C116 /* FooterLoadingCell.swift */ = {isa = PBXFileReference; lastKnownFileType = sourcecode.swift; path = FooterLoadingCell.swift; sourceTree = "<group>"; };
		ADA7C9BF2635CAA30067C116 /* Reachability.swift */ = {isa = PBXFileReference; lastKnownFileType = sourcecode.swift; path = Reachability.swift; sourceTree = "<group>"; };
		ADA7C9C82635D1720067C116 /* Entity+CoreDataClass.swift */ = {isa = PBXFileReference; lastKnownFileType = sourcecode.swift; name = "Entity+CoreDataClass.swift"; path = "/Users/zakirovtahir/Desktop/Программирование/Приложения/2021 projects/Arview/Arview/Model/Entity+CoreDataClass.swift"; sourceTree = "<absolute>"; };
		ADA7C9C92635D1720067C116 /* Entity+CoreDataProperties.swift */ = {isa = PBXFileReference; lastKnownFileType = sourcecode.swift; name = "Entity+CoreDataProperties.swift"; path = "/Users/zakirovtahir/Desktop/Программирование/Приложения/2021 projects/Arview/Arview/Model/Entity+CoreDataProperties.swift"; sourceTree = "<absolute>"; };
/* End PBXFileReference section */

/* Begin PBXFrameworksBuildPhase section */
		ADA7C97B2635A0180067C116 /* Frameworks */ = {
			isa = PBXFrameworksBuildPhase;
			buildActionMask = 2147483647;
			files = (
				EAC6CCA94AF8682AC9DD2743 /* Pods_Arview.framework in Frameworks */,
			);
			runOnlyForDeploymentPostprocessing = 0;
		};
/* End PBXFrameworksBuildPhase section */

/* Begin PBXGroup section */
		28E130D8ABD998048FE83D1F /* Pods */ = {
			isa = PBXGroup;
			children = (
				4C144937BA0F32C9BDAA9559 /* Pods-Arview.debug.xcconfig */,
				7A0CE740A2D4C5C4227BFE20 /* Pods-Arview.release.xcconfig */,
			);
			path = Pods;
			sourceTree = "<group>";
		};
		7EF468745AD867C9748D26AD /* Frameworks */ = {
			isa = PBXGroup;
			children = (
				849D04A438A1330043B1C3A5 /* Pods_Arview.framework */,
			);
			name = Frameworks;
			sourceTree = "<group>";
		};
		ADA7C9752635A0180067C116 = {
			isa = PBXGroup;
			children = (
				ADA7C9802635A0190067C116 /* Arview */,
				ADA7C97F2635A0190067C116 /* Products */,
				28E130D8ABD998048FE83D1F /* Pods */,
				7EF468745AD867C9748D26AD /* Frameworks */,
			);
			sourceTree = "<group>";
		};
		ADA7C97F2635A0190067C116 /* Products */ = {
			isa = PBXGroup;
			children = (
				ADA7C97E2635A0190067C116 /* Arview.app */,
			);
			name = Products;
			sourceTree = "<group>";
		};
		ADA7C9802635A0190067C116 /* Arview */ = {
			isa = PBXGroup;
			children = (
				ADA7C9812635A0190067C116 /* AppDelegate.swift */,
				ADA7C9832635A0190067C116 /* SceneDelegate.swift */,
				ADA7C9B42635B3360067C116 /* UIView+Layout.swift */,
				ADA7C9AB2635B1390067C116 /* Model */,
				ADA7C9AA2635B12E0067C116 /* Controller */,
				ADA7C9A72635B0D20067C116 /* Services */,
				ADA7C9AD2635B13E0067C116 /* View */,
				ADA7C9872635A0190067C116 /* Main.storyboard */,
				ADA7C98D2635A01D0067C116 /* Assets.xcassets */,
				ADA7C98F2635A01D0067C116 /* LaunchScreen.storyboard */,
				ADA7C9922635A01D0067C116 /* Info.plist */,
				ADA7C98A2635A0190067C116 /* Arview.xcdatamodeld */,
			);
			path = Arview;
			sourceTree = "<group>";
		};
		ADA7C9A72635B0D20067C116 /* Services */ = {
			isa = PBXGroup;
			children = (
				ADA7C9A42635B0C30067C116 /* NetworkService.swift */,
				ADA7C9BF2635CAA30067C116 /* Reachability.swift */,
			);
			path = Services;
			sourceTree = "<group>";
		};
		ADA7C9AA2635B12E0067C116 /* Controller */ = {
			isa = PBXGroup;
			children = (
				ADA7C9992635A0F10067C116 /* FeedController.swift */,
			);
			path = Controller;
			sourceTree = "<group>";
		};
		ADA7C9AB2635B1390067C116 /* Model */ = {
			isa = PBXGroup;
			children = (
				ADA7C99D2635A7580067C116 /* Article.swift */,
				ADA7C9C82635D1720067C116 /* Entity+CoreDataClass.swift */,
				ADA7C9C92635D1720067C116 /* Entity+CoreDataProperties.swift */,
			);
			path = Model;
			sourceTree = "<group>";
		};
		ADA7C9AD2635B13E0067C116 /* View */ = {
			isa = PBXGroup;
			children = (
				ADA7C9B02635B1750067C116 /* GamesCell.swift */,
				ADA7C9BC2635C2790067C116 /* FooterLoadingCell.swift */,
			);
			path = View;
			sourceTree = "<group>";
		};
/* End PBXGroup section */

/* Begin PBXNativeTarget section */
		ADA7C97D2635A0180067C116 /* Arview */ = {
			isa = PBXNativeTarget;
			buildConfigurationList = ADA7C9952635A01D0067C116 /* Build configuration list for PBXNativeTarget "Arview" */;
			buildPhases = (
				74F422915DC91E9770E66F7C /* [CP] Check Pods Manifest.lock */,
				ADA7C97A2635A0180067C116 /* Sources */,
				ADA7C97B2635A0180067C116 /* Frameworks */,
				ADA7C97C2635A0180067C116 /* Resources */,
				FF4E6195B0BAB9CEA1B70972 /* [CP] Embed Pods Frameworks */,
			);
			buildRules = (
			);
			dependencies = (
			);
			name = Arview;
			productName = Arview;
			productReference = ADA7C97E2635A0190067C116 /* Arview.app */;
			productType = "com.apple.product-type.application";
		};
/* End PBXNativeTarget section */

/* Begin PBXProject section */
		ADA7C9762635A0180067C116 /* Project object */ = {
			isa = PBXProject;
			attributes = {
				LastSwiftUpdateCheck = 1240;
				LastUpgradeCheck = 1240;
				TargetAttributes = {
					ADA7C97D2635A0180067C116 = {
						CreatedOnToolsVersion = 12.4;
					};
				};
			};
			buildConfigurationList = ADA7C9792635A0180067C116 /* Build configuration list for PBXProject "Arview" */;
			compatibilityVersion = "Xcode 9.3";
			developmentRegion = en;
			hasScannedForEncodings = 0;
			knownRegions = (
				en,
				Base,
			);
			mainGroup = ADA7C9752635A0180067C116;
			productRefGroup = ADA7C97F2635A0190067C116 /* Products */;
			projectDirPath = "";
			projectRoot = "";
			targets = (
				ADA7C97D2635A0180067C116 /* Arview */,
			);
		};
/* End PBXProject section */

/* Begin PBXResourcesBuildPhase section */
		ADA7C97C2635A0180067C116 /* Resources */ = {
			isa = PBXResourcesBuildPhase;
			buildActionMask = 2147483647;
			files = (
				ADA7C9912635A01D0067C116 /* LaunchScreen.storyboard in Resources */,
				ADA7C98E2635A01D0067C116 /* Assets.xcassets in Resources */,
				ADA7C9892635A0190067C116 /* Main.storyboard in Resources */,
			);
			runOnlyForDeploymentPostprocessing = 0;
		};
/* End PBXResourcesBuildPhase section */

/* Begin PBXShellScriptBuildPhase section */
		74F422915DC91E9770E66F7C /* [CP] Check Pods Manifest.lock */ = {
			isa = PBXShellScriptBuildPhase;
			buildActionMask = 2147483647;
			files = (
			);
			inputFileListPaths = (
			);
			inputPaths = (
				"${PODS_PODFILE_DIR_PATH}/Podfile.lock",
				"${PODS_ROOT}/Manifest.lock",
			);
			name = "[CP] Check Pods Manifest.lock";
			outputFileListPaths = (
			);
			outputPaths = (
				"$(DERIVED_FILE_DIR)/Pods-Arview-checkManifestLockResult.txt",
			);
			runOnlyForDeploymentPostprocessing = 0;
			shellPath = /bin/sh;
			shellScript = "diff \"${PODS_PODFILE_DIR_PATH}/Podfile.lock\" \"${PODS_ROOT}/Manifest.lock\" > /dev/null\nif [ $? != 0 ] ; then\n    # print error to STDERR\n    echo \"error: The sandbox is not in sync with the Podfile.lock. Run 'pod install' or update your CocoaPods installation.\" >&2\n    exit 1\nfi\n# This output is used by Xcode 'outputs' to avoid re-running this script phase.\necho \"SUCCESS\" > \"${SCRIPT_OUTPUT_FILE_0}\"\n";
			showEnvVarsInLog = 0;
		};
		FF4E6195B0BAB9CEA1B70972 /* [CP] Embed Pods Frameworks */ = {
			isa = PBXShellScriptBuildPhase;
			buildActionMask = 2147483647;
			files = (
			);
			inputFileListPaths = (
				"${PODS_ROOT}/Target Support Files/Pods-Arview/Pods-Arview-frameworks-${CONFIGURATION}-input-files.xcfilelist",
			);
			name = "[CP] Embed Pods Frameworks";
			outputFileListPaths = (
				"${PODS_ROOT}/Target Support Files/Pods-Arview/Pods-Arview-frameworks-${CONFIGURATION}-output-files.xcfilelist",
			);
			runOnlyForDeploymentPostprocessing = 0;
			shellPath = /bin/sh;
			shellScript = "\"${PODS_ROOT}/Target Support Files/Pods-Arview/Pods-Arview-frameworks.sh\"\n";
			showEnvVarsInLog = 0;
		};
/* End PBXShellScriptBuildPhase section */

/* Begin PBXSourcesBuildPhase section */
		ADA7C97A2635A0180067C116 /* Sources */ = {
			isa = PBXSourcesBuildPhase;
			buildActionMask = 2147483647;
			files = (
				ADA7C9B52635B3360067C116 /* UIView+Layout.swift in Sources */,
				ADA7C98C2635A0190067C116 /* Arview.xcdatamodeld in Sources */,
				ADA7C9CB2635D1720067C116 /* Entity+CoreDataClass.swift in Sources */,
				ADA7C9B12635B1750067C116 /* GamesCell.swift in Sources */,
				ADA7C99E2635A7580067C116 /* Article.swift in Sources */,
				ADA7C9CA2635D1720067C116 /* Entity+CoreDataProperties.swift in Sources */,
				ADA7C99A2635A0F10067C116 /* FeedController.swift in Sources */,
				ADA7C9BD2635C2790067C116 /* FooterLoadingCell.swift in Sources */,
				ADA7C9822635A0190067C116 /* AppDelegate.swift in Sources */,
				ADA7C9842635A0190067C116 /* SceneDelegate.swift in Sources */,
				ADA7C9C02635CAA30067C116 /* Reachability.swift in Sources */,
				ADA7C9A52635B0C30067C116 /* NetworkService.swift in Sources */,
			);
			runOnlyForDeploymentPostprocessing = 0;
		};
/* End PBXSourcesBuildPhase section */

/* Begin PBXVariantGroup section */
		ADA7C9872635A0190067C116 /* Main.storyboard */ = {
			isa = PBXVariantGroup;
			children = (
				ADA7C9882635A0190067C116 /* Base */,
			);
			name = Main.storyboard;
			sourceTree = "<group>";
		};
		ADA7C98F2635A01D0067C116 /* LaunchScreen.storyboard */ = {
			isa = PBXVariantGroup;
			children = (
				ADA7C9902635A01D0067C116 /* Base */,
			);
			name = LaunchScreen.storyboard;
			sourceTree = "<group>";
		};
/* End PBXVariantGroup section */

/* Begin XCBuildConfiguration section */
		ADA7C9932635A01D0067C116 /* Debug */ = {
			isa = XCBuildConfiguration;
			buildSettings = {
				ALWAYS_SEARCH_USER_PATHS = NO;
				CLANG_ANALYZER_NONNULL = YES;
				CLANG_ANALYZER_NUMBER_OBJECT_CONVERSION = YES_AGGRESSIVE;
				CLANG_CXX_LANGUAGE_STANDARD = "gnu++14";
				CLANG_CXX_LIBRARY = "libc++";
				CLANG_ENABLE_MODULES = YES;
				CLANG_ENABLE_OBJC_ARC = YES;
				CLANG_ENABLE_OBJC_WEAK = YES;
				CLANG_WARN_BLOCK_CAPTURE_AUTORELEASING = YES;
				CLANG_WARN_BOOL_CONVERSION = YES;
				CLANG_WARN_COMMA = YES;
				CLANG_WARN_CONSTANT_CONVERSION = YES;
				CLANG_WARN_DEPRECATED_OBJC_IMPLEMENTATIONS = YES;
				CLANG_WARN_DIRECT_OBJC_ISA_USAGE = YES_ERROR;
				CLANG_WARN_DOCUMENTATION_COMMENTS = YES;
				CLANG_WARN_EMPTY_BODY = YES;
				CLANG_WARN_ENUM_CONVERSION = YES;
				CLANG_WARN_INFINITE_RECURSION = YES;
				CLANG_WARN_INT_CONVERSION = YES;
				CLANG_WARN_NON_LITERAL_NULL_CONVERSION = YES;
				CLANG_WARN_OBJC_IMPLICIT_RETAIN_SELF = YES;
				CLANG_WARN_OBJC_LITERAL_CONVERSION = YES;
				CLANG_WARN_OBJC_ROOT_CLASS = YES_ERROR;
				CLANG_WARN_QUOTED_INCLUDE_IN_FRAMEWORK_HEADER = YES;
				CLANG_WARN_RANGE_LOOP_ANALYSIS = YES;
				CLANG_WARN_STRICT_PROTOTYPES = YES;
				CLANG_WARN_SUSPICIOUS_MOVE = YES;
				CLANG_WARN_UNGUARDED_AVAILABILITY = YES_AGGRESSIVE;
				CLANG_WARN_UNREACHABLE_CODE = YES;
				CLANG_WARN__DUPLICATE_METHOD_MATCH = YES;
				COPY_PHASE_STRIP = NO;
				DEBUG_INFORMATION_FORMAT = dwarf;
				ENABLE_STRICT_OBJC_MSGSEND = YES;
				ENABLE_TESTABILITY = YES;
				GCC_C_LANGUAGE_STANDARD = gnu11;
				GCC_DYNAMIC_NO_PIC = NO;
				GCC_NO_COMMON_BLOCKS = YES;
				GCC_OPTIMIZATION_LEVEL = 0;
				GCC_PREPROCESSOR_DEFINITIONS = (
					"DEBUG=1",
					"$(inherited)",
				);
				GCC_WARN_64_TO_32_BIT_CONVERSION = YES;
				GCC_WARN_ABOUT_RETURN_TYPE = YES_ERROR;
				GCC_WARN_UNDECLARED_SELECTOR = YES;
				GCC_WARN_UNINITIALIZED_AUTOS = YES_AGGRESSIVE;
				GCC_WARN_UNUSED_FUNCTION = YES;
				GCC_WARN_UNUSED_VARIABLE = YES;
				IPHONEOS_DEPLOYMENT_TARGET = 14.4;
				MTL_ENABLE_DEBUG_INFO = INCLUDE_SOURCE;
				MTL_FAST_MATH = YES;
				ONLY_ACTIVE_ARCH = YES;
				SDKROOT = iphoneos;
				SWIFT_ACTIVE_COMPILATION_CONDITIONS = DEBUG;
				SWIFT_OPTIMIZATION_LEVEL = "-Onone";
			};
			name = Debug;
		};
		ADA7C9942635A01D0067C116 /* Release */ = {
			isa = XCBuildConfiguration;
			buildSettings = {
				ALWAYS_SEARCH_USER_PATHS = NO;
				CLANG_ANALYZER_NONNULL = YES;
				CLANG_ANALYZER_NUMBER_OBJECT_CONVERSION = YES_AGGRESSIVE;
				CLANG_CXX_LANGUAGE_STANDARD = "gnu++14";
				CLANG_CXX_LIBRARY = "libc++";
				CLANG_ENABLE_MODULES = YES;
				CLANG_ENABLE_OBJC_ARC = YES;
				CLANG_ENABLE_OBJC_WEAK = YES;
				CLANG_WARN_BLOCK_CAPTURE_AUTORELEASING = YES;
				CLANG_WARN_BOOL_CONVERSION = YES;
				CLANG_WARN_COMMA = YES;
				CLANG_WARN_CONSTANT_CONVERSION = YES;
				CLANG_WARN_DEPRECATED_OBJC_IMPLEMENTATIONS = YES;
				CLANG_WARN_DIRECT_OBJC_ISA_USAGE = YES_ERROR;
				CLANG_WARN_DOCUMENTATION_COMMENTS = YES;
				CLANG_WARN_EMPTY_BODY = YES;
				CLANG_WARN_ENUM_CONVERSION = YES;
				CLANG_WARN_INFINITE_RECURSION = YES;
				CLANG_WARN_INT_CONVERSION = YES;
				CLANG_WARN_NON_LITERAL_NULL_CONVERSION = YES;
				CLANG_WARN_OBJC_IMPLICIT_RETAIN_SELF = YES;
				CLANG_WARN_OBJC_LITERAL_CONVERSION = YES;
				CLANG_WARN_OBJC_ROOT_CLASS = YES_ERROR;
				CLANG_WARN_QUOTED_INCLUDE_IN_FRAMEWORK_HEADER = YES;
				CLANG_WARN_RANGE_LOOP_ANALYSIS = YES;
				CLANG_WARN_STRICT_PROTOTYPES = YES;
				CLANG_WARN_SUSPICIOUS_MOVE = YES;
				CLANG_WARN_UNGUARDED_AVAILABILITY = YES_AGGRESSIVE;
				CLANG_WARN_UNREACHABLE_CODE = YES;
				CLANG_WARN__DUPLICATE_METHOD_MATCH = YES;
				COPY_PHASE_STRIP = NO;
				DEBUG_INFORMATION_FORMAT = "dwarf-with-dsym";
				ENABLE_NS_ASSERTIONS = NO;
				ENABLE_STRICT_OBJC_MSGSEND = YES;
				GCC_C_LANGUAGE_STANDARD = gnu11;
				GCC_NO_COMMON_BLOCKS = YES;
				GCC_WARN_64_TO_32_BIT_CONVERSION = YES;
				GCC_WARN_ABOUT_RETURN_TYPE = YES_ERROR;
				GCC_WARN_UNDECLARED_SELECTOR = YES;
				GCC_WARN_UNINITIALIZED_AUTOS = YES_AGGRESSIVE;
				GCC_WARN_UNUSED_FUNCTION = YES;
				GCC_WARN_UNUSED_VARIABLE = YES;
				IPHONEOS_DEPLOYMENT_TARGET = 14.4;
				MTL_ENABLE_DEBUG_INFO = NO;
				MTL_FAST_MATH = YES;
				SDKROOT = iphoneos;
				SWIFT_COMPILATION_MODE = wholemodule;
				SWIFT_OPTIMIZATION_LEVEL = "-O";
				VALIDATE_PRODUCT = YES;
			};
			name = Release;
		};
		ADA7C9962635A01D0067C116 /* Debug */ = {
			isa = XCBuildConfiguration;
			baseConfigurationReference = 4C144937BA0F32C9BDAA9559 /* Pods-Arview.debug.xcconfig */;
			buildSettings = {
				ASSETCATALOG_COMPILER_APPICON_NAME = AppIcon;
				ASSETCATALOG_COMPILER_GLOBAL_ACCENT_COLOR_NAME = AccentColor;
				CODE_SIGN_STYLE = Automatic;
				DEVELOPMENT_TEAM = J4B53B6TAD;
				INFOPLIST_FILE = Arview/Info.plist;
				LD_RUNPATH_SEARCH_PATHS = (
					"$(inherited)",
					"@executable_path/Frameworks",
				);
				PRODUCT_BUNDLE_IDENTIFIER = ru.zakirovweb.Arview;
				PRODUCT_NAME = "$(TARGET_NAME)";
				SWIFT_VERSION = 5.0;
				TARGETED_DEVICE_FAMILY = "1,2";
			};
			name = Debug;
		};
		ADA7C9972635A01D0067C116 /* Release */ = {
			isa = XCBuildConfiguration;
			baseConfigurationReference = 7A0CE740A2D4C5C4227BFE20 /* Pods-Arview.release.xcconfig */;
			buildSettings = {
				ASSETCATALOG_COMPILER_APPICON_NAME = AppIcon;
				ASSETCATALOG_COMPILER_GLOBAL_ACCENT_COLOR_NAME = AccentColor;
				CODE_SIGN_STYLE = Automatic;
				DEVELOPMENT_TEAM = J4B53B6TAD;
				INFOPLIST_FILE = Arview/Info.plist;
				LD_RUNPATH_SEARCH_PATHS = (
					"$(inherited)",
					"@executable_path/Frameworks",
				);
				PRODUCT_BUNDLE_IDENTIFIER = ru.zakirovweb.Arview;
				PRODUCT_NAME = "$(TARGET_NAME)";
				SWIFT_VERSION = 5.0;
				TARGETED_DEVICE_FAMILY = "1,2";
			};
			name = Release;
		};
/* End XCBuildConfiguration section */

/* Begin XCConfigurationList section */
		ADA7C9792635A0180067C116 /* Build configuration list for PBXProject "Arview" */ = {
			isa = XCConfigurationList;
			buildConfigurations = (
				ADA7C9932635A01D0067C116 /* Debug */,
				ADA7C9942635A01D0067C116 /* Release */,
			);
			defaultConfigurationIsVisible = 0;
			defaultConfigurationName = Release;
		};
		ADA7C9952635A01D0067C116 /* Build configuration list for PBXNativeTarget "Arview" */ = {
			isa = XCConfigurationList;
			buildConfigurations = (
				ADA7C9962635A01D0067C116 /* Debug */,
				ADA7C9972635A01D0067C116 /* Release */,
			);
			defaultConfigurationIsVisible = 0;
			defaultConfigurationName = Release;
		};
/* End XCConfigurationList section */

/* Begin XCVersionGroup section */
		ADA7C98A2635A0190067C116 /* Arview.xcdatamodeld */ = {
			isa = XCVersionGroup;
			children = (
				ADA7C98B2635A0190067C116 /* Arview.xcdatamodel */,
			);
			currentVersion = ADA7C98B2635A0190067C116 /* Arview.xcdatamodel */;
			path = Arview.xcdatamodeld;
			sourceTree = "<group>";
			versionGroupType = wrapper.xcdatamodel;
		};
/* End XCVersionGroup section */
	};
	rootObject = ADA7C9762635A0180067C116 /* Project object */;
}
